<?xml version="1.0" encoding="utf-8"?>
<Project ToolsVersion="4.0" xmlns="http://schemas.microsoft.com/developer/msbuild/2003">
  <ItemGroup>
    <Filter Include="Source Files">
      <UniqueIdentifier>{4FC737F1-C7A5-4376-A066-2A32D752A2FF}</UniqueIdentifier>
      <Extensions>cpp;c;cc;cxx;def;odl;idl;hpj;bat;asm;asmx</Extensions>
    </Filter>
    <Filter Include="Header Files">
      <UniqueIdentifier>{93995380-89BD-4b04-88EB-625FBE52EBFB}</UniqueIdentifier>
      <Extensions>h;hpp;hxx;hm;inl;inc;xsd</Extensions>
    </Filter>
    <Filter Include="Resource Files">
      <UniqueIdentifier>{67DA6AB6-F800-4c08-8B7A-83BB121AAD01}</UniqueIdentifier>
      <Extensions>rc;ico;cur;bmp;dlg;rc2;rct;bin;rgs;gif;jpg;jpeg;jpe;resx;tiff;tif;png;wav;mfcribbon-ms</Extensions>
    </Filter>
    <Filter Include="DataSources">
      <UniqueIdentifier>{04547d3e-ff21-45de-84ae-7a6f1c19c73d}</UniqueIdentifier>
    </Filter>
  </ItemGroup>
  <ItemGroup>
    <None Include="ReadMe.txt" />
    <None Include="app.ico">
      <Filter>Resource Files</Filter>
    </None>
  </ItemGroup>
  <ItemGroup>
    <ClCompile Include="DataStructuresLearningSoftware.cpp">
      <Filter>Source Files</Filter>
    </ClCompile>
    <ClCompile Include="AssemblyInfo.cpp">
      <Filter>Source Files</Filter>
    </ClCompile>
    <ClCompile Include="stdafx.cpp">
      <Filter>Source Files</Filter>
    </ClCompile>
    <ClCompile Include="Searching.cpp">
      <Filter>Source Files</Filter>
    </ClCompile>
    <ClCompile Include="LinearSearch.cpp">
      <Filter>Source Files</Filter>
    </ClCompile>
    <ClCompile Include="BinarySearch.cpp">
      <Filter>Source Files</Filter>
    </ClCompile>
    <ClCompile Include="QuickSort.cpp">
      <Filter>Source Files</Filter>
    </ClCompile>
    <ClCompile Include="Quiz.cpp">
      <Filter>Source Files</Filter>
    </ClCompile>
    <ClCompile Include="moduleQuiz.cpp">
      <Filter>Source Files</Filter>
    </ClCompile>
    <ClCompile Include="Sorting.cpp">
      <Filter>Source Files</Filter>
    </ClCompile>
    <ClCompile Include="InsertionSort.cpp">
      <Filter>Source Files</Filter>
    </ClCompile>
    <ClCompile Include="SelectionSort.cpp">
      <Filter>Source Files</Filter>
    </ClCompile>
    <ClCompile Include="bubbleSort.cpp">
      <Filter>Source Files</Filter>
    </ClCompile>
    <ClCompile Include="Queue_Home.cpp">
      <Filter>Source Files</Filter>
    </ClCompile>
    <ClCompile Include="UI_Queue_Introduction.cpp">
      <Filter>Source Files</Filter>
    </ClCompile>
    <ClCompile Include="UI_Linear_Queue.cpp">
      <Filter>Source Files</Filter>
    </ClCompile>
    <ClCompile Include="UI_Linear_Queue_Array.cpp">
      <Filter>Source Files</Filter>
    </ClCompile>
    <ClCompile Include="UI_Linear_Queue_LL.cpp">
      <Filter>Source Files</Filter>
    </ClCompile>
    <ClCompile Include="UI_Circular_Queue.cpp">
      <Filter>Source Files</Filter>
    </ClCompile>
    <ClCompile Include="UI_Circular_Queue_Array.cpp">
      <Filter>Source Files</Filter>
    </ClCompile>
    <ClCompile Include="UI_Circular_Queue_LL.cpp">
      <Filter>Source Files</Filter>
    </ClCompile>
    <ClCompile Include="UI_Queue_App.cpp">
      <Filter>Source Files</Filter>
    </ClCompile>
    <ClCompile Include="UI_Queue_Quiz.cpp">
      <Filter>Source Files</Filter>
    </ClCompile>
    <ClCompile Include="UI_Circular_Queue_Animation.cpp">
      <Filter>Source Files</Filter>
    </ClCompile>
    <ClCompile Include="UI_Linear_Queue_Animation.cpp">
      <Filter>Source Files</Filter>
    </ClCompile>
    <ClCompile Include="Stack_Main.cpp">
      <Filter>Source Files</Filter>
    </ClCompile>
    <ClCompile Include="Stack_Introduction.cpp">
      <Filter>Source Files</Filter>
    </ClCompile>
    <ClCompile Include="Stack_Implementation_Array.cpp">
      <Filter>Source Files</Filter>
    </ClCompile>
    <ClCompile Include="Stack_Implementation_LinkedList.cpp">
      <Filter>Source Files</Filter>
    </ClCompile>
    <ClCompile Include="Stack_Applications.cpp">
      <Filter>Source Files</Filter>
    </ClCompile>
    <ClCompile Include="Stack_Animations.cpp">
      <Filter>Source Files</Filter>
    </ClCompile>
    <ClCompile Include="Stack_Resources.cpp">
      <Filter>Source Files</Filter>
    </ClCompile>
    <ClCompile Include="Stack_Test.cpp">
      <Filter>Source Files</Filter>
    </ClCompile>
    <ClCompile Include="DiscussionForum.cpp">
      <Filter>Source Files</Filter>
    </ClCompile>
    <ClCompile Include="mergesort.cpp">
      <Filter>Source Files</Filter>
    </ClCompile>
    <ClCompile Include="LinkedList.cpp">
      <Filter>Source Files</Filter>
    </ClCompile>
    <ClCompile Include="Homepage.cpp">
      <Filter>Source Files</Filter>
    </ClCompile>
    <ClCompile Include="LoginForm.cpp">
      <Filter>Source Files</Filter>
    </ClCompile>
    <ClCompile Include="Array_Insertion.cpp">
      <Filter>Source Files</Filter>
    </ClCompile>
    <ClCompile Include="Array_Introduction.cpp">
      <Filter>Source Files</Filter>
    </ClCompile>
    <ClCompile Include="Array_Search.cpp">
      <Filter>Source Files</Filter>
    </ClCompile>
    <ClCompile Include="Array_Traversal.cpp">
      <Filter>Source Files</Filter>
    </ClCompile>
    <ClCompile Include="LinkedList_Deletion.cpp">
      <Filter>Source Files</Filter>
    </ClCompile>
    <ClCompile Include="LinkedList_Insertion.cpp">
      <Filter>Source Files</Filter>
    </ClCompile>
    <ClCompile Include="LinkedList_Traversal.cpp">
      <Filter>Source Files</Filter>
    </ClCompile>
    <ClCompile Include="Arrays.cpp">
      <Filter>Header Files</Filter>
    </ClCompile>
    <ClCompile Include="LinkedList1.cpp">
      <Filter>Source Files</Filter>
    </ClCompile>
    <ClCompile Include="LinkedList_Introduction.cpp">
      <Filter>Source Files</Filter>
    </ClCompile>
    <ClCompile Include="BST.cpp">
      <Filter>Source Files</Filter>
    </ClCompile>
    <ClCompile Include="BST_intro.cpp">
      <Filter>Source Files</Filter>
    </ClCompile>
    <ClCompile Include="BST_deletion.cpp">
      <Filter>Source Files</Filter>
    </ClCompile>
    <ClCompile Include="BST_insertion.cpp">
      <Filter>Source Files</Filter>
    </ClCompile>
    <ClCompile Include="BST_search.cpp">
      <Filter>Source Files</Filter>
    </ClCompile>
    <ClCompile Include="BST_introduction.cpp">
      <Filter>Source Files</Filter>
    </ClCompile>
    <ClCompile Include="Graph.cpp">
      <Filter>Source Files</Filter>
    </ClCompile>
    <ClCompile Include="GraphBFS.cpp">
      <Filter>Source Files</Filter>
    </ClCompile>
    <ClCompile Include="Graphs_Home.cpp">
      <Filter>Source Files</Filter>
    </ClCompile>
    <ClCompile Include="Heap.cpp">
      <Filter>Source Files</Filter>
    </ClCompile>
    <ClCompile Include="Heap_Insertion.cpp">
      <Filter>Source Files</Filter>
    </ClCompile>
    <ClCompile Include="Heap_Deletion.cpp">
      <Filter>Source Files</Filter>
    </ClCompile>
    <ClCompile Include="Heap_Introduction.cpp">
      <Filter>Source Files</Filter>
    </ClCompile>
    <ClCompile Include="AdminForm.cpp">
      <Filter>Source Files</Filter>
    </ClCompile>
    <ClCompile Include="Graph_Matrix.cpp">
      <Filter>Source Files</Filter>
    </ClCompile>
    <ClCompile Include="GraphMatrix.cpp">
      <Filter>Source Files</Filter>
    </ClCompile>
    <ClCompile Include="GraphList.cpp">
      <Filter>Source Files</Filter>
    </ClCompile>
    <ClCompile Include="DiscussionForum_Main.cpp">
      <Filter>Source Files</Filter>
    </ClCompile>
  </ItemGroup>
  <ItemGroup>
    <ClInclude Include="stdafx.h">
      <Filter>Header Files</Filter>
    </ClInclude>
    <ClInclude Include="resource.h">
      <Filter>Header Files</Filter>
    </ClInclude>
    <ClInclude Include="MainPage.h">
      <Filter>Header Files</Filter>
    </ClInclude>
    <ClInclude Include="Searching.h">
      <Filter>Header Files</Filter>
    </ClInclude>
    <ClInclude Include="LinearSearch.h">
      <Filter>Header Files</Filter>
    </ClInclude>
    <ClInclude Include="BinarySearch.h">
      <Filter>Header Files</Filter>
    </ClInclude>
    <ClInclude Include="QuickSort.h">
      <Filter>Header Files</Filter>
    </ClInclude>
    <ClInclude Include="Quiz.h">
      <Filter>Header Files</Filter>
    </ClInclude>
    <ClInclude Include="moduleQuiz.h">
      <Filter>Header Files</Filter>
    </ClInclude>
    <ClInclude Include="Sorting.h">
      <Filter>Header Files</Filter>
    </ClInclude>
    <ClInclude Include="InsertionSort.h">
      <Filter>Header Files</Filter>
    </ClInclude>
    <ClInclude Include="SelectionSort.h">
      <Filter>Header Files</Filter>
    </ClInclude>
    <ClInclude Include="bubbleSort.h">
      <Filter>Header Files</Filter>
    </ClInclude>
    <ClInclude Include="Queue_Home.h">
      <Filter>Header Files</Filter>
    </ClInclude>
    <ClInclude Include="UI_Queue_Introduction.h">
      <Filter>Header Files</Filter>
    </ClInclude>
    <ClInclude Include="UI_Linear_Queue.h">
      <Filter>Header Files</Filter>
    </ClInclude>
    <ClInclude Include="UI_Linear_Queue_Array.h">
      <Filter>Header Files</Filter>
    </ClInclude>
    <ClInclude Include="UI_Linear_Queue_LL.h">
      <Filter>Header Files</Filter>
    </ClInclude>
    <ClInclude Include="UI_Circular_Queue.h">
      <Filter>Header Files</Filter>
    </ClInclude>
    <ClInclude Include="UI_Circular_Queue_Array.h">
      <Filter>Header Files</Filter>
    </ClInclude>
    <ClInclude Include="UI_Circular_Queue_LL.h">
      <Filter>Header Files</Filter>
    </ClInclude>
    <ClInclude Include="UI_Queue_App.h">
      <Filter>Header Files</Filter>
    </ClInclude>
    <ClInclude Include="UI_Queue_Quiz.h">
      <Filter>Header Files</Filter>
    </ClInclude>
    <ClInclude Include="UI_Circular_Queue_Animation.h">
      <Filter>Header Files</Filter>
    </ClInclude>
    <ClInclude Include="UI_Linear_Queue_Animation.h">
      <Filter>Header Files</Filter>
    </ClInclude>
    <ClInclude Include="Stack_Main.h">
      <Filter>Header Files</Filter>
    </ClInclude>
    <ClInclude Include="Stack_Implementation_LinkedList.h">
      <Filter>Header Files</Filter>
    </ClInclude>
    <ClInclude Include="Stack_Applications.h">
      <Filter>Header Files</Filter>
    </ClInclude>
    <ClInclude Include="Stack_Animations.h">
      <Filter>Header Files</Filter>
    </ClInclude>
    <ClInclude Include="Stack_Resources.h">
      <Filter>Header Files</Filter>
    </ClInclude>
    <ClInclude Include="Stack_Test.h">
      <Filter>Header Files</Filter>
    </ClInclude>
    <ClInclude Include="Stack_Implementation_Array.h">
      <Filter>Header Files</Filter>
    </ClInclude>
    <ClInclude Include="Stack_Introduction.h">
      <Filter>Header Files</Filter>
    </ClInclude>
    <ClInclude Include="DiscussionForum.h">
      <Filter>Header Files</Filter>
    </ClInclude>
    <ClInclude Include="mergesort.h">
      <Filter>Header Files</Filter>
    </ClInclude>
    <ClInclude Include="LinkedList.h">
      <Filter>Header Files</Filter>
    </ClInclude>
    <ClInclude Include="Homepage.h">
      <Filter>Header Files</Filter>
    </ClInclude>
    <ClInclude Include="LoginForm.h">
      <Filter>Header Files</Filter>
    </ClInclude>
    <ClInclude Include="Array_Insertion.h">
      <Filter>Header Files</Filter>
    </ClInclude>
    <ClInclude Include="Array_Introduction.h">
      <Filter>Header Files</Filter>
    </ClInclude>
    <ClInclude Include="Array_Search.h">
      <Filter>Header Files</Filter>
    </ClInclude>
    <ClInclude Include="Array_Traversal.h">
      <Filter>Header Files</Filter>
    </ClInclude>
    <ClInclude Include="LinkedList_Deletion.h">
      <Filter>Header Files</Filter>
    </ClInclude>
    <ClInclude Include="LinkedList_Insertion.h">
      <Filter>Header Files</Filter>
    </ClInclude>
    <ClInclude Include="LinkedList_Traversal.h">
      <Filter>Header Files</Filter>
    </ClInclude>
    <ClInclude Include="Arrays.h">
      <Filter>Header Files</Filter>
    </ClInclude>
    <ClInclude Include="LinkedList1.h">
      <Filter>Header Files</Filter>
    </ClInclude>
    <ClInclude Include="LinkedList_Introduction.h">
      <Filter>Header Files</Filter>
    </ClInclude>
    <ClInclude Include="BST.h">
      <Filter>Header Files</Filter>
    </ClInclude>
    <ClInclude Include="BST_intro.h">
      <Filter>Header Files</Filter>
    </ClInclude>
    <ClInclude Include="BST_deletion.h">
      <Filter>Header Files</Filter>
    </ClInclude>
    <ClInclude Include="BST_insertion.h">
      <Filter>Header Files</Filter>
    </ClInclude>
    <ClInclude Include="BST_search.h">
      <Filter>Header Files</Filter>
    </ClInclude>
    <ClInclude Include="BST_introduction.h">
      <Filter>Header Files</Filter>
    </ClInclude>
    <ClInclude Include="Graph.h">
      <Filter>Header Files</Filter>
    </ClInclude>
    <ClInclude Include="GraphBFS.h">
      <Filter>Header Files</Filter>
    </ClInclude>
    <ClInclude Include="Graphs_Home.h">
      <Filter>Header Files</Filter>
    </ClInclude>
    <ClInclude Include="Heap.h">
      <Filter>Header Files</Filter>
    </ClInclude>
    <ClInclude Include="Heap_Insertion.h">
      <Filter>Header Files</Filter>
    </ClInclude>
    <ClInclude Include="Heap_Deletion.h">
      <Filter>Header Files</Filter>
    </ClInclude>
    <ClInclude Include="Heap_Introduction.h">
      <Filter>Header Files</Filter>
    </ClInclude>
    <ClInclude Include="AdminForm.h">
      <Filter>Header Files</Filter>
    </ClInclude>
    <ClInclude Include="GraphMatrix.h">
      <Filter>Header Files</Filter>
    </ClInclude>
    <ClInclude Include="GraphList.h">
      <Filter>Header Files</Filter>
    </ClInclude>
    <ClInclude Include="DiscussionForum_Main.h">
      <Filter>Header Files</Filter>
    </ClInclude>
  </ItemGroup>
  <ItemGroup>
    <ResourceCompile Include="app.rc">
      <Filter>Resource Files</Filter>
    </ResourceCompile>
  </ItemGroup>
  <ItemGroup>
    <EmbeddedResource Include="MainPage.resX">
      <Filter>Resource Files</Filter>
    </EmbeddedResource>
    <EmbeddedResource Include="BinarySearch.resx">
      <Filter>Resource Files</Filter>
    </EmbeddedResource>
    <EmbeddedResource Include="LinearSearch.resx">
      <Filter>Resource Files</Filter>
    </EmbeddedResource>
    <EmbeddedResource Include="Searching.resx">
      <Filter>Resource Files</Filter>
    </EmbeddedResource>
    <EmbeddedResource Include="QuickSort.resx">
      <Filter>Resource Files</Filter>
    </EmbeddedResource>
    <EmbeddedResource Include="Quiz.resx">
      <Filter>Resource Files</Filter>
    </EmbeddedResource>
    <EmbeddedResource Include="moduleQuiz.resx">
      <Filter>Resource Files</Filter>
    </EmbeddedResource>
    <EmbeddedResource Include="bubbleSort.resx">
      <Filter>Resource Files</Filter>
    </EmbeddedResource>
    <EmbeddedResource Include="InsertionSort.resx">
      <Filter>Resource Files</Filter>
    </EmbeddedResource>
    <EmbeddedResource Include="SelectionSort.resx">
      <Filter>Resource Files</Filter>
    </EmbeddedResource>
    <EmbeddedResource Include="Sorting.resx">
      <Filter>Resource Files</Filter>
    </EmbeddedResource>
    <EmbeddedResource Include="DiscussionForum.resx">
      <Filter>Resource Files</Filter>
    </EmbeddedResource>
    <EmbeddedResource Include="LinkedList.resx">
      <Filter>Resource Files</Filter>
    </EmbeddedResource>
    <EmbeddedResource Include="mergesort.resx">
      <Filter>Resource Files</Filter>
    </EmbeddedResource>
    <EmbeddedResource Include="Homepage.resx">
      <Filter>Resource Files</Filter>
    </EmbeddedResource>
    <EmbeddedResource Include="LoginForm.resx">
      <Filter>Resource Files</Filter>
    </EmbeddedResource>
    <EmbeddedResource Include="Arrays.resx">
      <Filter>Resource Files</Filter>
    </EmbeddedResource>
    <EmbeddedResource Include="Array_Introduction.resx">
      <Filter>Resource Files</Filter>
    </EmbeddedResource>
    <EmbeddedResource Include="Array_Search.resx">
      <Filter>Resource Files</Filter>
    </EmbeddedResource>
    <EmbeddedResource Include="LinkedList1.resx">
      <Filter>Resource Files</Filter>
    </EmbeddedResource>
    <EmbeddedResource Include="Array_Insertion.resx">
      <Filter>Resource Files</Filter>
    </EmbeddedResource>
    <EmbeddedResource Include="Array_Traversal.resx">
      <Filter>Resource Files</Filter>
    </EmbeddedResource>
    <EmbeddedResource Include="LinkedList_Introduction.resx">
      <Filter>Resource Files</Filter>
    </EmbeddedResource>
    <EmbeddedResource Include="LinkedList_Deletion.resx">
      <Filter>Resource Files</Filter>
    </EmbeddedResource>
    <EmbeddedResource Include="LinkedList_Insertion.resx">
      <Filter>Resource Files</Filter>
    </EmbeddedResource>
    <EmbeddedResource Include="LinkedList_Traversal.resx">
      <Filter>Resource Files</Filter>
    </EmbeddedResource>
    <EmbeddedResource Include="BST.resx">
      <Filter>Resource Files</Filter>
    </EmbeddedResource>
    <EmbeddedResource Include="BST_deletion.resx">
      <Filter>Resource Files</Filter>
    </EmbeddedResource>
    <EmbeddedResource Include="BST_insertion.resx">
      <Filter>Resource Files</Filter>
    </EmbeddedResource>
    <EmbeddedResource Include="BST_intro.resx">
      <Filter>Resource Files</Filter>
    </EmbeddedResource>
    <EmbeddedResource Include="BST_introduction.resx">
      <Filter>Resource Files</Filter>
    </EmbeddedResource>
    <EmbeddedResource Include="BST_search.resx">
      <Filter>Resource Files</Filter>
    </EmbeddedResource>
    <EmbeddedResource Include="Graphs_Home.resx">
      <Filter>Resource Files</Filter>
    </EmbeddedResource>
    <EmbeddedResource Include="Graph.resx">
      <Filter>Resource Files</Filter>
    </EmbeddedResource>
    <EmbeddedResource Include="GraphBFS.resx">
      <Filter>Resource Files</Filter>
    </EmbeddedResource>
    <EmbeddedResource Include="Heap.resx">
      <Filter>Resource Files</Filter>
    </EmbeddedResource>
    <EmbeddedResource Include="Heap_Deletion.resx">
      <Filter>Resource Files</Filter>
    </EmbeddedResource>
    <EmbeddedResource Include="Heap_Insertion.resx">
      <Filter>Resource Files</Filter>
    </EmbeddedResource>
    <EmbeddedResource Include="Heap_Introduction.resx">
      <Filter>Resource Files</Filter>
    </EmbeddedResource>
    <EmbeddedResource Include="AdminForm.resx">
      <Filter>Resource Files</Filter>
    </EmbeddedResource>
  </ItemGroup>
  <ItemGroup>
    <EmbeddedResource Include="MainPage.resX">
      <Filter>Resource Files</Filter>
    </EmbeddedResource>
    <EmbeddedResource Include="Queue_Home.resx">
      <Filter>Resource Files</Filter>
    </EmbeddedResource>
    <EmbeddedResource Include="UI_Circular_Queue.resx">
      <Filter>Resource Files</Filter>
    </EmbeddedResource>
    <EmbeddedResource Include="UI_Circular_Queue_Animation.resx">
      <Filter>Resource Files</Filter>
    </EmbeddedResource>
    <EmbeddedResource Include="UI_Circular_Queue_Array.resx">
      <Filter>Resource Files</Filter>
    </EmbeddedResource>
    <EmbeddedResource Include="UI_Circular_Queue_LL.resx">
      <Filter>Resource Files</Filter>
    </EmbeddedResource>
    <EmbeddedResource Include="UI_Linear_Queue.resx">
      <Filter>Resource Files</Filter>
    </EmbeddedResource>
    <EmbeddedResource Include="UI_Linear_Queue_Animation.resx">
      <Filter>Resource Files</Filter>
    </EmbeddedResource>
    <EmbeddedResource Include="UI_Linear_Queue_Array.resx">
      <Filter>Resource Files</Filter>
    </EmbeddedResource>
    <EmbeddedResource Include="UI_Linear_Queue_LL.resx">
      <Filter>Resource Files</Filter>
    </EmbeddedResource>
    <EmbeddedResource Include="UI_Queue_App.resx">
      <Filter>Resource Files</Filter>
    </EmbeddedResource>
    <EmbeddedResource Include="UI_Queue_Introduction.resx">
      <Filter>Resource Files</Filter>
    </EmbeddedResource>
    <EmbeddedResource Include="UI_Queue_Quiz.resx">
      <Filter>Resource Files</Filter>
    </EmbeddedResource>
  </ItemGroup>
  <ItemGroup>
    <EmbeddedResource Include="MainPage.resX">
      <Filter>Resource Files</Filter>
    </EmbeddedResource>
    <EmbeddedResource Include="Stack_Animations.resx">
      <Filter>Resource Files</Filter>
    </EmbeddedResource>
    <EmbeddedResource Include="Stack_Applications.resx">
      <Filter>Resource Files</Filter>
    </EmbeddedResource>
    <EmbeddedResource Include="Stack_Implementation_Array.resx">
      <Filter>Resource Files</Filter>
    </EmbeddedResource>
    <EmbeddedResource Include="Stack_Implementation_LinkedList.resx">
      <Filter>Resource Files</Filter>
    </EmbeddedResource>
    <EmbeddedResource Include="Stack_Introduction.resx">
      <Filter>Resource Files</Filter>
    </EmbeddedResource>
    <EmbeddedResource Include="Stack_Main.resx">
      <Filter>Resource Files</Filter>
    </EmbeddedResource>
    <EmbeddedResource Include="Stack_Resources.resx">
      <Filter>Resource Files</Filter>
    </EmbeddedResource>
    <EmbeddedResource Include="Stack_Test.resx">
      <Filter>Resource Files</Filter>
    </EmbeddedResource>
  </ItemGroup>
</Project>